{"1.1.0",
[{<<"certifi">>,{pkg,<<"certifi">>,<<"2.5.1">>},2},
 {<<"cowboy">>,{pkg,<<"cowboy">>,<<"2.6.0">>},0},
 {<<"cowboy_swagger">>,{pkg,<<"cowboy_swagger">>,<<"2.2.1">>},0},
 {<<"cowlib">>,{pkg,<<"cowlib">>,<<"2.7.3">>},1},
 {<<"erlang-uuid">>,
  {git,"https://github.com/avtobiff/erlang-uuid.git",
       {ref,"cb02a2039a9b29dd2eef0446039c9c6e164df9ef"}},
  0},
 {<<"hackney">>,
  {git,"git://github.com/andreineculau/hackney.git",
       {ref,"975b541b5c22a9c091b3f67b705e948bbe3be8a6"}},
  1},
 {<<"idna">>,{pkg,<<"idna">>,<<"6.0.0">>},2},
 {<<"jesse">>,{pkg,<<"jesse">>,<<"1.5.6">>},0},
 {<<"jiffy">>,{pkg,<<"jiffy">>,<<"1.0.1">>},0},
 {<<"jsx">>,{pkg,<<"jsx">>,<<"2.9.0">>},1},
 {<<"katt">>,
  {git,"https://github.com/for-GET/katt.git",
       {ref,"ead3fe9e9390d6f42580a97d0cc6469e2c937bc9"}},
  0},
 {<<"merkerl">>,{pkg,<<"merkerl">>,<<"1.1.1">>},0},
 {<<"metrics">>,{pkg,<<"metrics">>,<<"1.0.1">>},2},
 {<<"mimerl">>,{pkg,<<"mimerl">>,<<"1.2.0">>},2},
 {<<"neotoma">>,
  {git,"git://github.com/seancribbs/neotoma.git",
       {ref,"6ac6007c7713712a80096de5c7cdf5b85b01374e"}},
  1},
 {<<"parse_trans">>,{pkg,<<"parse_trans">>,<<"3.3.0">>},3},
 {<<"quickrand">>,{pkg,<<"quickrand">>,<<"2.0.1">>},1},
 {<<"ranch">>,{pkg,<<"ranch">>,<<"1.7.1">>},1},
 {<<"rfc3339">>,{pkg,<<"rfc3339">>,<<"0.2.2">>},1},
 {<<"ssl_verify_fun">>,{pkg,<<"ssl_verify_fun">>,<<"1.1.4">>},2},
 {<<"tdiff">>,
  {git,"git://github.com/tomas-abrahamsson/tdiff.git",
       {ref,"bbb54ce20df388f2c7d01e8df30ef471ca98d0fb"}},
  1},
 {<<"trails">>,{pkg,<<"trails">>,<<"2.1.0">>},1},
 {<<"unicode_util_compat">>,{pkg,<<"unicode_util_compat">>,<<"0.4.1">>},3},
 {<<"uuid">>,{pkg,<<"uuid_erl">>,<<"2.0.1">>},0}]}.
[
{pkg_hash,[
 {<<"certifi">>, <<"867CE347F7C7D78563450A18A6A28A8090331E77FA02380B4A21962A65D36EE5">>},
 {<<"cowboy">>, <<"DC1FF5354C89E36A3E3EF8D10433396DCFF0DCBB1D4223B58C64C2D51A6D88D9">>},
 {<<"cowboy_swagger">>, <<"57CF5B43724DBC7AA97089D7E5A88951CA35D742007EC52AB8EEB9742D68AD46">>},
 {<<"cowlib">>, <<"A7FFCD0917E6D50B4D5FB28E9E2085A0CEB3C97DEA310505F7460FF5ED764CE9">>},
 {<<"idna">>, <<"689C46CBCDF3524C44D5F3DDE8001F364CD7608A99556D8FBD8239A5798D4C10">>},
 {<<"jesse">>, <<"593B8CAD26AF3CC0E44C727BD8CBDE56E2B0DE4C8D2738B1C258B6936A40A6A3">>},
 {<<"jiffy">>, <<"4F25639772CA41202F41BA9C8F6CA0933554283DD4742C90651E03471C55E341">>},
 {<<"jsx">>, <<"D2F6E5F069C00266CAD52FB15D87C428579EA4D7D73A33669E12679E203329DD">>},
 {<<"merkerl">>, <<"B424438F1B65A32298DBB04774CF148F61D2596AEA2B759CEDD5D280CCA0E848">>},
 {<<"metrics">>, <<"25F094DEA2CDA98213CECC3AEFF09E940299D950904393B2A29D191C346A8486">>},
 {<<"mimerl">>, <<"67E2D3F571088D5CFD3E550C383094B47159F3EEE8FFA08E64106CDF5E981BE3">>},
 {<<"parse_trans">>, <<"09765507A3C7590A784615CFD421D101AEC25098D50B89D7AA1D66646BC571C1">>},
 {<<"quickrand">>, <<"6D861FA11E6EB51BB2343A2616EFF704C2681A9997F41ABC78E58FA76DA33981">>},
 {<<"ranch">>, <<"6B1FAB51B49196860B733A49C07604465A47BDB78AA10C1C16A3D199F7F8C881">>},
 {<<"rfc3339">>, <<"1552DF616ACA368D982E9F085A0E933B6688A3F4938A671798978EC2C0C58730">>},
 {<<"ssl_verify_fun">>, <<"F0EAFFF810D2041E93F915EF59899C923F4568F4585904D010387ED74988E77B">>},
 {<<"trails">>, <<"D51D7F065F2B692654C611C663BFAC377D47EAFF9D38D0C17ECD031D1A59399A">>},
 {<<"unicode_util_compat">>, <<"D869E4C68901DD9531385BB0C8C40444EBF624E60B6962D95952775CAC5E90CD">>},
 {<<"uuid">>, <<"1FD9079C544D521063897887A1C5B3302DCA98F9BB06AADCDC6FB0663F256797">>}]}
].
